// !$*UTF8*$!
{
	archiveVersion = 1;
	classes = {
	};
	objectVersion = 46;
	objects = {

/* Begin PBXBuildFile section */
		5FE03B831C917EA20070757C /* AppDelegate.swift in Sources */ = {isa = PBXBuildFile; fileRef = 5FE03B821C917EA20070757C /* AppDelegate.swift */; };
		5FE03B851C917EA20070757C /* ViewController.swift in Sources */ = {isa = PBXBuildFile; fileRef = 5FE03B841C917EA20070757C /* ViewController.swift */; };
		5FE03B881C917EA20070757C /* Main.storyboard in Resources */ = {isa = PBXBuildFile; fileRef = 5FE03B861C917EA20070757C /* Main.storyboard */; };
		5FE03B8A1C917EA20070757C /* Assets.xcassets in Resources */ = {isa = PBXBuildFile; fileRef = 5FE03B891C917EA20070757C /* Assets.xcassets */; };
		5FE03B8D1C917EA20070757C /* LaunchScreen.storyboard in Resources */ = {isa = PBXBuildFile; fileRef = 5FE03B8B1C917EA20070757C /* LaunchScreen.storyboard */; };
/* End PBXBuildFile section */

/* Begin PBXFileReference section */
		5FE03B7F1C917EA20070757C /* Lecture-37.app */ = {isa = PBXFileReference; explicitFileType = wrapper.application; includeInIndex = 0; path = "Lecture-37.app"; sourceTree = BUILT_PRODUCTS_DIR; };
		5FE03B821C917EA20070757C /* AppDelegate.swift */ = {isa = PBXFileReference; lastKnownFileType = sourcecode.swift; path = AppDelegate.swift; sourceTree = "<group>"; };
		5FE03B841C917EA20070757C /* ViewController.swift */ = {isa = PBXFileReference; lastKnownFileType = sourcecode.swift; path = ViewController.swift; sourceTree = "<group>"; };
		5FE03B871C917EA20070757C /* Base */ = {isa = PBXFileReference; lastKnownFileType = file.storyboard; name = Base; path = Base.lproj/Main.storyboard; sourceTree = "<group>"; };
		5FE03B891C917EA20070757C /* Assets.xcassets */ = {isa = PBXFileReference; lastKnownFileType = folder.assetcatalog; path = Assets.xcassets; sourceTree = "<group>"; };
		5FE03B8C1C917EA20070757C /* Base */ = {isa = PBXFileReference; lastKnownFileType = file.storyboard; name = Base; path = Base.lproj/LaunchScreen.storyboard; sourceTree = "<group>"; };
		5FE03B8E1C917EA20070757C /* Info.plist */ = {isa = PBXFileReference; lastKnownFileType = text.plist.xml; path = Info.plist; sourceTree = "<group>"; };
/* End PBXFileReference section */

/* Begin PBXFrameworksBuildPhase section */
		5FE03B7C1C917EA20070757C /* Frameworks */ = {
			isa = PBXFrameworksBuildPhase;
			buildActionMask = 2147483647;
			files = (
			);
			runOnlyForDeploymentPostprocessing = 0;
		};
/* End PBXFrameworksBuildPhase section */

/* Begin PBXGroup section */
		5FE03B761C917EA20070757C = {
			isa = PBXGroup;
			children = (
				5FE03B811C917EA20070757C /* Lecture-37 */,
				5FE03B801C917EA20070757C /* Products */,
			);
			sourceTree = "<group>";
		};
		5FE03B801C917EA20070757C /* Products */ = {
			isa = PBXGroup;
			children = (
				5FE03B7F1C917EA20070757C /* Lecture-37.app */,
			);
			name = Products;
			sourceTree = "<group>";
		};
		5FE03B811C917EA20070757C /* Lecture-37 */ = {
			isa = PBXGroup;
			children = (
				5FE03B821C917EA20070757C /* AppDelegate.swift */,
				5FE03B841C917EA20070757C /* ViewController.swift */,
				5FE03B861C917EA20070757C /* Main.storyboard */,
				5FE03B891C917EA20070757C /* Assets.xcassets */,
				5FE03B8B1C917EA20070757C /* LaunchScreen.storyboard */,
				5FE03B8E1C917EA20070757C /* Info.plist */,
			);
			path = "Lecture-37";
			sourceTree = "<group>";
		};
/* End PBXGroup section */

/* Begin PBXNativeTarget section */
		5FE03B7E1C917EA20070757C /* Lecture-37 */ = {
			isa = PBXNativeTarget;
			buildConfigurationList = 5FE03B911C917EA20070757C /* Build configuration list for PBXNativeTarget "Lecture-37" */;
			buildPhases = (
				5FE03B7B1C917EA20070757C /* Sources */,
				5FE03B7C1C917EA20070757C /* Frameworks */,
				5FE03B7D1C917EA20070757C /* Resources */,
			);
			buildRules = (
			);
			dependencies = (
			);
			name = "Lecture-37";
			productName = "Lecture-37";
			productReference = 5FE03B7F1C917EA20070757C /* Lecture-37.app */;
			productType = "com.apple.product-type.application";
		};
/* End PBXNativeTarget section */

/* Begin PBXProject section */
		5FE03B771C917EA20070757C /* Project object */ = {
			isa = PBXProject;
			attributes = {
				LastSwiftUpdateCheck = 0720;
				LastUpgradeCheck = 0720;
				ORGANIZATIONNAME = "Pasha Cretsu";
				TargetAttributes = {
					5FE03B7E1C917EA20070757C = {
						CreatedOnToolsVersion = 7.2.1;
					};
				};
			};
			buildConfigurationList = 5FE03B7A1C917EA20070757C /* Build configuration list for PBXProject "Lecture-37" */;
			compatibilityVersion = "Xcode 3.2";
			developmentRegion = English;
			hasScannedForEncodings = 0;
			knownRegions = (
				en,
				Base,
			);
			mainGroup = 5FE03B761C917EA20070757C;
			productRefGroup = 5FE03B801C917EA20070757C /* Products */;
			projectDirPath = "";
			projectRoot = "";
			targets = (
				5FE03B7E1C917EA20070757C /* Lecture-37 */,
			);
		};
/* End PBXProject section */

/* Begin PBXResourcesBuildPhase section */
		5FE03B7D1C917EA20070757C /* Resources */ = {
			isa = PBXResourcesBuildPhase;
			buildActionMask = 2147483647;
			files = (
				5FE03B8D1C917EA20070757C /* LaunchScreen.storyboard in Resources */,
				5FE03B8A1C917EA20070757C /* Assets.xcassets in Resources */,
				5FE03B881C917EA20070757C /* Main.storyboard in Resources */,
			);
			runOnlyForDeploymentPostprocessing = 0;
		};
/* End PBXResourcesBuildPhase section */

/* Begin PBXSourcesBuildPhase section */
		5FE03B7B1C917EA20070757C /* Sources */ = {
			isa = PBXSourcesBuildPhase;
			buildActionMask = 2147483647;
			files = (
				5FE03B851C917EA20070757C /* ViewController.swift in Sources */,
				5FE03B831C917EA20070757C /* AppDelegate.swift in Sources */,
			);
			runOnlyForDeploymentPostprocessing = 0;
		};
/* End PBXSourcesBuildPhase section */

/* Begin PBXVariantGroup section */
		5FE03B861C917EA20070757C /* Main.storyboard */ = {
			isa = PBXVariantGroup;
			children = (
				5FE03B871C917EA20070757C /* Base */,
			);
			name = Main.storyboard;
			sourceTree = "<group>";
		};
		5FE03B8B1C917EA20070757C /* LaunchScreen.storyboard */ = {
			isa = PBXVariantGroup;
			children = (
				5FE03B8C1C917EA20070757C /* Base */,
			);
			name = LaunchScreen.storyboard;
			sourceTree = "<group>";
		};
/* End PBXVariantGroup section */

/* Begin XCBuildConfiguration section */
		5FE03B8F1C917EA20070757C /* Debug */ = {
			isa = XCBuildConfiguration;
			buildSettings = {
				ALWAYS_SEARCH_USER_PATHS = NO;
				CLANG_CXX_LANGUAGE_STANDARD = "gnu++0x";
				CLANG_CXX_LIBRARY = "libc++";
				CLANG_ENABLE_MODULES = YES;
				CLANG_ENABLE_OBJC_ARC = YES;
				CLANG_WARN_BOOL_CONVERSION = YES;
				CLANG_WARN_CONSTANT_CONVERSION = YES;
				CLANG_WARN_DIRECT_OBJC_ISA_USAGE = YES_ERROR;
				CLANG_WARN_EMPTY_BODY = YES;
				CLANG_WARN_ENUM_CONVERSION = YES;
				CLANG_WARN_INT_CONVERSION = YES;
				CLANG_WARN_OBJC_ROOT_CLASS = YES_ERROR;
				CLANG_WARN_UNREACHABLE_CODE = YES;
				CLANG_WARN__DUPLICATE_METHOD_MATCH = YES;
				"CODE_SIGN_IDENTITY[sdk=iphoneos*]" = "iPhone Developer";
				COPY_PHASE_STRIP = NO;
				DEBUG_INFORMATION_FORMAT = dwarf;
				ENABLE_STRICT_OBJC_MSGSEND = YES;
				ENABLE_TESTABILITY = YES;
				GCC_C_LANGUAGE_STANDARD = gnu99;
				GCC_DYNAMIC_NO_PIC = NO;
				GCC_NO_COMMON_BLOCKS = YES;
				GCC_OPTIMIZATION_LEVEL = 0;
				GCC_PREPROCESSOR_DEFINITIONS = (
					"DEBUG=1",
					"$(inherited)",
				);
				GCC_WARN_64_TO_32_BIT_CONVERSION = YES;
				GCC_WARN_ABOUT_RETURN_TYPE = YES_ERROR;
				GCC_WARN_UNDECLARED_SELECTOR = YES;
				GCC_WARN_UNINITIALIZED_AUTOS = YES_AGGRESSIVE;
				GCC_WARN_UNUSED_FUNCTION = YES;
				GCC_WARN_UNUSED_VARIABLE = YES;
				IPHONEOS_DEPLOYMENT_TARGET = 9.2;
				MTL_ENABLE_DEBUG_INFO = YES;
				ONLY_ACTIVE_ARCH = YES;
				SDKROOT = iphoneos;
				SWIFT_OPTIMIZATION_LEVEL = "-Onone";
			};
			name = Debug;
		};
		5FE03B901C917EA20070757C /* Release */ = {
			isa = XCBuildConfiguration;
			buildSettings = {
				ALWAYS_SEARCH_USER_PATHS = NO;
				CLANG_CXX_LANGUAGE_STANDARD = "gnu++0x";
				CLANG_CXX_LIBRARY = "libc++";
				CLANG_ENABLE_MODULES = YES;
				CLANG_ENABLE_OBJC_ARC = YES;
				CLANG_WARN_BOOL_CONVERSION = YES;
				CLANG_WARN_CONSTANT_CONVERSION = YES;
				CLANG_WARN_DIRECT_OBJC_ISA_USAGE = YES_ERROR;
				CLANG_WARN_EMPTY_BODY = YES;
				CLANG_WARN_ENUM_CONVERSION = YES;
				CLANG_WARN_INT_CONVERSION = YES;
				CLANG_WARN_OBJC_ROOT_CLASS = YES_ERROR;
				CLANG_WARN_UNREACHABLE_CODE = YES;
				CLANG_WARN__DUPLICATE_METHOD_MATCH = YES;
				"CODE_SIGN_IDENTITY[sdk=iphoneos*]" = "iPhone Developer";
				COPY_PHASE_STRIP = NO;
				DEBUG_INFORMATION_FORMAT = "dwarf-with-dsym";
				ENABLE_NS_ASSERTIONS = NO;
				ENABLE_STRICT_OBJC_MSGSEND = YES;
				GCC_C_LANGUAGE_STANDARD = gnu99;
				GCC_NO_COMMON_BLOCKS = YES;
				GCC_WARN_64_TO_32_BIT_CONVERSION = YES;
				GCC_WARN_ABOUT_RETURN_TYPE = YES_ERROR;
				GCC_WARN_UNDECLARED_SELECTOR = YES;
				GCC_WARN_UNINITIALIZED_AUTOS = YES_AGGRESSIVE;
				GCC_WARN_UNUSED_FUNCTION = YES;
				GCC_WARN_UNUSED_VARIABLE = YES;
				IPHONEOS_DEPLOYMENT_TARGET = 9.2;
				MTL_ENABLE_DEBUG_INFO = NO;
				SDKROOT = iphoneos;
				VALIDATE_PRODUCT = YES;
			};
			name = Release;
		};
		5FE03B921C917EA20070757C /* Debug */ = {
			isa = XCBuildConfiguration;
			buildSettings = {
				ASSETCATALOG_COMPILER_APPICON_NAME = AppIcon;
				INFOPLIST_FILE = "Lecture-37/Info.plist";
				LD_RUNPATH_SEARCH_PATHS = "$(inherited) @executable_path/Frameworks";
				PRODUCT_BUNDLE_IDENTIFIER = "PashaCretsuInc.Lecture-37";
				PRODUCT_NAME = "$(TARGET_NAME)";
			};
			name = Debug;
		};
		5FE03B931C917EA20070757C /* Release */ = {
			isa = XCBuildConfiguration;
			buildSettings = {
				ASSETCATALOG_COMPILER_APPICON_NAME = AppIcon;
				INFOPLIST_FILE = "Lecture-37/Info.plist";
				LD_RUNPATH_SEARCH_PATHS = "$(inherited) @executable_path/Frameworks";
				PRODUCT_BUNDLE_IDENTIFIER = "PashaCretsuInc.Lecture-37";
				PRODUCT_NAME = "$(TARGET_NAME)";
			};
			name = Release;
		};
/* End XCBuildConfiguration section */

/* Begin XCConfigurationList section */
		5FE03B7A1C917EA20070757C /* Build configuration list for PBXProject "Lecture-37" */ = {
			isa = XCConfigurationList;
			buildConfigurations = (
				5FE03B8F1C917EA20070757C /* Debug */,
				5FE03B901C917EA20070757C /* Release */,
			);
			defaultConfigurationIsVisible = 0;
			defaultConfigurationName = Release;
		};
		5FE03B911C917EA20070757C /* Build configuration list for PBXNativeTarget "Lecture-37" */ = {
			isa = XCConfigurationList;
			buildConfigurations = (
				5FE03B921C917EA20070757C /* Debug */,
				5FE03B931C917EA20070757C /* Release */,
			);
			defaultConfigurationIsVisible = 0;
		};
/* End XCConfigurationList section */
	};
	rootObject = 5FE03B771C917EA20070757C /* Project object */;
}
