// !$*UTF8*$!
{
	archiveVersion = 1;
	classes = {
	};
	objectVersion = 46;
	objects = {

/* Begin PBXBuildFile section */
		5F66603D1C929928008ED28F /* AppDelegate.swift in Sources */ = {isa = PBXBuildFile; fileRef = 5F66603C1C929928008ED28F /* AppDelegate.swift */; };
		5F66603F1C929928008ED28F /* ViewController.swift in Sources */ = {isa = PBXBuildFile; fileRef = 5F66603E1C929928008ED28F /* ViewController.swift */; };
		5F6660421C929928008ED28F /* Main.storyboard in Resources */ = {isa = PBXBuildFile; fileRef = 5F6660401C929928008ED28F /* Main.storyboard */; };
		5F6660441C929928008ED28F /* Assets.xcassets in Resources */ = {isa = PBXBuildFile; fileRef = 5F6660431C929928008ED28F /* Assets.xcassets */; };
		5F6660471C929928008ED28F /* LaunchScreen.storyboard in Resources */ = {isa = PBXBuildFile; fileRef = 5F6660451C929928008ED28F /* LaunchScreen.storyboard */; };
		5F66604F1C92B95E008ED28F /* background.png in Resources */ = {isa = PBXBuildFile; fileRef = 5F66604E1C92B95E008ED28F /* background.png */; };
/* End PBXBuildFile section */

/* Begin PBXFileReference section */
		5F6660391C929928008ED28F /* Lecture-64.app */ = {isa = PBXFileReference; explicitFileType = wrapper.application; includeInIndex = 0; path = "Lecture-64.app"; sourceTree = BUILT_PRODUCTS_DIR; };
		5F66603C1C929928008ED28F /* AppDelegate.swift */ = {isa = PBXFileReference; lastKnownFileType = sourcecode.swift; path = AppDelegate.swift; sourceTree = "<group>"; };
		5F66603E1C929928008ED28F /* ViewController.swift */ = {isa = PBXFileReference; lastKnownFileType = sourcecode.swift; path = ViewController.swift; sourceTree = "<group>"; };
		5F6660411C929928008ED28F /* Base */ = {isa = PBXFileReference; lastKnownFileType = file.storyboard; name = Base; path = Base.lproj/Main.storyboard; sourceTree = "<group>"; };
		5F6660431C929928008ED28F /* Assets.xcassets */ = {isa = PBXFileReference; lastKnownFileType = folder.assetcatalog; path = Assets.xcassets; sourceTree = "<group>"; };
		5F6660461C929928008ED28F /* Base */ = {isa = PBXFileReference; lastKnownFileType = file.storyboard; name = Base; path = Base.lproj/LaunchScreen.storyboard; sourceTree = "<group>"; };
		5F6660481C929928008ED28F /* Info.plist */ = {isa = PBXFileReference; lastKnownFileType = text.plist.xml; path = Info.plist; sourceTree = "<group>"; };
		5F66604E1C92B95E008ED28F /* background.png */ = {isa = PBXFileReference; lastKnownFileType = image.png; path = background.png; sourceTree = "<group>"; };
/* End PBXFileReference section */

/* Begin PBXFrameworksBuildPhase section */
		5F6660361C929928008ED28F /* Frameworks */ = {
			isa = PBXFrameworksBuildPhase;
			buildActionMask = 2147483647;
			files = (
			);
			runOnlyForDeploymentPostprocessing = 0;
		};
/* End PBXFrameworksBuildPhase section */

/* Begin PBXGroup section */
		5F6660301C929928008ED28F = {
			isa = PBXGroup;
			children = (
				5F66603B1C929928008ED28F /* Lecture-64 */,
				5F66603A1C929928008ED28F /* Products */,
			);
			sourceTree = "<group>";
		};
		5F66603A1C929928008ED28F /* Products */ = {
			isa = PBXGroup;
			children = (
				5F6660391C929928008ED28F /* Lecture-64.app */,
			);
			name = Products;
			sourceTree = "<group>";
		};
		5F66603B1C929928008ED28F /* Lecture-64 */ = {
			isa = PBXGroup;
			children = (
				5F66603C1C929928008ED28F /* AppDelegate.swift */,
				5F66603E1C929928008ED28F /* ViewController.swift */,
				5F6660401C929928008ED28F /* Main.storyboard */,
				5F6660431C929928008ED28F /* Assets.xcassets */,
				5F6660451C929928008ED28F /* LaunchScreen.storyboard */,
				5F6660481C929928008ED28F /* Info.plist */,
				5F66604E1C92B95E008ED28F /* background.png */,
			);
			path = "Lecture-64";
			sourceTree = "<group>";
		};
/* End PBXGroup section */

/* Begin PBXNativeTarget section */
		5F6660381C929928008ED28F /* Lecture-64 */ = {
			isa = PBXNativeTarget;
			buildConfigurationList = 5F66604B1C929928008ED28F /* Build configuration list for PBXNativeTarget "Lecture-64" */;
			buildPhases = (
				5F6660351C929928008ED28F /* Sources */,
				5F6660361C929928008ED28F /* Frameworks */,
				5F6660371C929928008ED28F /* Resources */,
			);
			buildRules = (
			);
			dependencies = (
			);
			name = "Lecture-64";
			productName = "Lecture-64";
			productReference = 5F6660391C929928008ED28F /* Lecture-64.app */;
			productType = "com.apple.product-type.application";
		};
/* End PBXNativeTarget section */

/* Begin PBXProject section */
		5F6660311C929928008ED28F /* Project object */ = {
			isa = PBXProject;
			attributes = {
				LastSwiftUpdateCheck = 0720;
				LastUpgradeCheck = 0720;
				ORGANIZATIONNAME = "Pasha Cretsu";
				TargetAttributes = {
					5F6660381C929928008ED28F = {
						CreatedOnToolsVersion = 7.2.1;
					};
				};
			};
			buildConfigurationList = 5F6660341C929928008ED28F /* Build configuration list for PBXProject "Lecture-64" */;
			compatibilityVersion = "Xcode 3.2";
			developmentRegion = English;
			hasScannedForEncodings = 0;
			knownRegions = (
				en,
				Base,
			);
			mainGroup = 5F6660301C929928008ED28F;
			productRefGroup = 5F66603A1C929928008ED28F /* Products */;
			projectDirPath = "";
			projectRoot = "";
			targets = (
				5F6660381C929928008ED28F /* Lecture-64 */,
			);
		};
/* End PBXProject section */

/* Begin PBXResourcesBuildPhase section */
		5F6660371C929928008ED28F /* Resources */ = {
			isa = PBXResourcesBuildPhase;
			buildActionMask = 2147483647;
			files = (
				5F6660471C929928008ED28F /* LaunchScreen.storyboard in Resources */,
				5F66604F1C92B95E008ED28F /* background.png in Resources */,
				5F6660441C929928008ED28F /* Assets.xcassets in Resources */,
				5F6660421C929928008ED28F /* Main.storyboard in Resources */,
			);
			runOnlyForDeploymentPostprocessing = 0;
		};
/* End PBXResourcesBuildPhase section */

/* Begin PBXSourcesBuildPhase section */
		5F6660351C929928008ED28F /* Sources */ = {
			isa = PBXSourcesBuildPhase;
			buildActionMask = 2147483647;
			files = (
				5F66603F1C929928008ED28F /* ViewController.swift in Sources */,
				5F66603D1C929928008ED28F /* AppDelegate.swift in Sources */,
			);
			runOnlyForDeploymentPostprocessing = 0;
		};
/* End PBXSourcesBuildPhase section */

/* Begin PBXVariantGroup section */
		5F6660401C929928008ED28F /* Main.storyboard */ = {
			isa = PBXVariantGroup;
			children = (
				5F6660411C929928008ED28F /* Base */,
			);
			name = Main.storyboard;
			sourceTree = "<group>";
		};
		5F6660451C929928008ED28F /* LaunchScreen.storyboard */ = {
			isa = PBXVariantGroup;
			children = (
				5F6660461C929928008ED28F /* Base */,
			);
			name = LaunchScreen.storyboard;
			sourceTree = "<group>";
		};
/* End PBXVariantGroup section */

/* Begin XCBuildConfiguration section */
		5F6660491C929928008ED28F /* Debug */ = {
			isa = XCBuildConfiguration;
			buildSettings = {
				ALWAYS_SEARCH_USER_PATHS = NO;
				CLANG_CXX_LANGUAGE_STANDARD = "gnu++0x";
				CLANG_CXX_LIBRARY = "libc++";
				CLANG_ENABLE_MODULES = YES;
				CLANG_ENABLE_OBJC_ARC = YES;
				CLANG_WARN_BOOL_CONVERSION = YES;
				CLANG_WARN_CONSTANT_CONVERSION = YES;
				CLANG_WARN_DIRECT_OBJC_ISA_USAGE = YES_ERROR;
				CLANG_WARN_EMPTY_BODY = YES;
				CLANG_WARN_ENUM_CONVERSION = YES;
				CLANG_WARN_INT_CONVERSION = YES;
				CLANG_WARN_OBJC_ROOT_CLASS = YES_ERROR;
				CLANG_WARN_UNREACHABLE_CODE = YES;
				CLANG_WARN__DUPLICATE_METHOD_MATCH = YES;
				"CODE_SIGN_IDENTITY[sdk=iphoneos*]" = "iPhone Developer";
				COPY_PHASE_STRIP = NO;
				DEBUG_INFORMATION_FORMAT = dwarf;
				ENABLE_STRICT_OBJC_MSGSEND = YES;
				ENABLE_TESTABILITY = YES;
				GCC_C_LANGUAGE_STANDARD = gnu99;
				GCC_DYNAMIC_NO_PIC = NO;
				GCC_NO_COMMON_BLOCKS = YES;
				GCC_OPTIMIZATION_LEVEL = 0;
				GCC_PREPROCESSOR_DEFINITIONS = (
					"DEBUG=1",
					"$(inherited)",
				);
				GCC_WARN_64_TO_32_BIT_CONVERSION = YES;
				GCC_WARN_ABOUT_RETURN_TYPE = YES_ERROR;
				GCC_WARN_UNDECLARED_SELECTOR = YES;
				GCC_WARN_UNINITIALIZED_AUTOS = YES_AGGRESSIVE;
				GCC_WARN_UNUSED_FUNCTION = YES;
				GCC_WARN_UNUSED_VARIABLE = YES;
				IPHONEOS_DEPLOYMENT_TARGET = 9.2;
				MTL_ENABLE_DEBUG_INFO = YES;
				ONLY_ACTIVE_ARCH = YES;
				SDKROOT = iphoneos;
				SWIFT_OPTIMIZATION_LEVEL = "-Onone";
			};
			name = Debug;
		};
		5F66604A1C929928008ED28F /* Release */ = {
			isa = XCBuildConfiguration;
			buildSettings = {
				ALWAYS_SEARCH_USER_PATHS = NO;
				CLANG_CXX_LANGUAGE_STANDARD = "gnu++0x";
				CLANG_CXX_LIBRARY = "libc++";
				CLANG_ENABLE_MODULES = YES;
				CLANG_ENABLE_OBJC_ARC = YES;
				CLANG_WARN_BOOL_CONVERSION = YES;
				CLANG_WARN_CONSTANT_CONVERSION = YES;
				CLANG_WARN_DIRECT_OBJC_ISA_USAGE = YES_ERROR;
				CLANG_WARN_EMPTY_BODY = YES;
				CLANG_WARN_ENUM_CONVERSION = YES;
				CLANG_WARN_INT_CONVERSION = YES;
				CLANG_WARN_OBJC_ROOT_CLASS = YES_ERROR;
				CLANG_WARN_UNREACHABLE_CODE = YES;
				CLANG_WARN__DUPLICATE_METHOD_MATCH = YES;
				"CODE_SIGN_IDENTITY[sdk=iphoneos*]" = "iPhone Developer";
				COPY_PHASE_STRIP = NO;
				DEBUG_INFORMATION_FORMAT = "dwarf-with-dsym";
				ENABLE_NS_ASSERTIONS = NO;
				ENABLE_STRICT_OBJC_MSGSEND = YES;
				GCC_C_LANGUAGE_STANDARD = gnu99;
				GCC_NO_COMMON_BLOCKS = YES;
				GCC_WARN_64_TO_32_BIT_CONVERSION = YES;
				GCC_WARN_ABOUT_RETURN_TYPE = YES_ERROR;
				GCC_WARN_UNDECLARED_SELECTOR = YES;
				GCC_WARN_UNINITIALIZED_AUTOS = YES_AGGRESSIVE;
				GCC_WARN_UNUSED_FUNCTION = YES;
				GCC_WARN_UNUSED_VARIABLE = YES;
				IPHONEOS_DEPLOYMENT_TARGET = 9.2;
				MTL_ENABLE_DEBUG_INFO = NO;
				SDKROOT = iphoneos;
				VALIDATE_PRODUCT = YES;
			};
			name = Release;
		};
		5F66604C1C929928008ED28F /* Debug */ = {
			isa = XCBuildConfiguration;
			buildSettings = {
				ASSETCATALOG_COMPILER_APPICON_NAME = AppIcon;
				INFOPLIST_FILE = "Lecture-64/Info.plist";
				LD_RUNPATH_SEARCH_PATHS = "$(inherited) @executable_path/Frameworks";
				PRODUCT_BUNDLE_IDENTIFIER = "PashaCretsuInc.Lecture-64";
				PRODUCT_NAME = "$(TARGET_NAME)";
			};
			name = Debug;
		};
		5F66604D1C929928008ED28F /* Release */ = {
			isa = XCBuildConfiguration;
			buildSettings = {
				ASSETCATALOG_COMPILER_APPICON_NAME = AppIcon;
				INFOPLIST_FILE = "Lecture-64/Info.plist";
				LD_RUNPATH_SEARCH_PATHS = "$(inherited) @executable_path/Frameworks";
				PRODUCT_BUNDLE_IDENTIFIER = "PashaCretsuInc.Lecture-64";
				PRODUCT_NAME = "$(TARGET_NAME)";
			};
			name = Release;
		};
/* End XCBuildConfiguration section */

/* Begin XCConfigurationList section */
		5F6660341C929928008ED28F /* Build configuration list for PBXProject "Lecture-64" */ = {
			isa = XCConfigurationList;
			buildConfigurations = (
				5F6660491C929928008ED28F /* Debug */,
				5F66604A1C929928008ED28F /* Release */,
			);
			defaultConfigurationIsVisible = 0;
			defaultConfigurationName = Release;
		};
		5F66604B1C929928008ED28F /* Build configuration list for PBXNativeTarget "Lecture-64" */ = {
			isa = XCConfigurationList;
			buildConfigurations = (
				5F66604C1C929928008ED28F /* Debug */,
				5F66604D1C929928008ED28F /* Release */,
			);
			defaultConfigurationIsVisible = 0;
		};
/* End XCConfigurationList section */
	};
	rootObject = 5F6660311C929928008ED28F /* Project object */;
}
