// !$*UTF8*$!
{
	archiveVersion = 1;
	classes = {
	};
	objectVersion = 46;
	objects = {

/* Begin PBXBuildFile section */
		5F7BADFD1CB4D809008212A2 /* AppDelegate.swift in Sources */ = {isa = PBXBuildFile; fileRef = 5F7BADFC1CB4D809008212A2 /* AppDelegate.swift */; };
		5F7BADFF1CB4D809008212A2 /* ViewController.swift in Sources */ = {isa = PBXBuildFile; fileRef = 5F7BADFE1CB4D809008212A2 /* ViewController.swift */; };
		5F7BAE021CB4D809008212A2 /* Main.storyboard in Resources */ = {isa = PBXBuildFile; fileRef = 5F7BAE001CB4D809008212A2 /* Main.storyboard */; };
		5F7BAE041CB4D809008212A2 /* Assets.xcassets in Resources */ = {isa = PBXBuildFile; fileRef = 5F7BAE031CB4D809008212A2 /* Assets.xcassets */; };
		5F7BAE071CB4D809008212A2 /* LaunchScreen.storyboard in Resources */ = {isa = PBXBuildFile; fileRef = 5F7BAE051CB4D809008212A2 /* LaunchScreen.storyboard */; };
		5F7BAE151CB4D846008212A2 /* KeyboardViewController.swift in Sources */ = {isa = PBXBuildFile; fileRef = 5F7BAE141CB4D846008212A2 /* KeyboardViewController.swift */; };
		5F7BAE191CB4D846008212A2 /* HodorBoard.appex in Embed App Extensions */ = {isa = PBXBuildFile; fileRef = 5F7BAE121CB4D846008212A2 /* HodorBoard.appex */; settings = {ATTRIBUTES = (RemoveHeadersOnCopy, ); }; };
		5F7BAE1F1CB4DA2E008212A2 /* hodor.png in Resources */ = {isa = PBXBuildFile; fileRef = 5F7BAE1E1CB4DA2E008212A2 /* hodor.png */; };
/* End PBXBuildFile section */

/* Begin PBXContainerItemProxy section */
		5F7BAE171CB4D846008212A2 /* PBXContainerItemProxy */ = {
			isa = PBXContainerItemProxy;
			containerPortal = 5F7BADF11CB4D809008212A2 /* Project object */;
			proxyType = 1;
			remoteGlobalIDString = 5F7BAE111CB4D846008212A2;
			remoteInfo = HodorBoard;
		};
/* End PBXContainerItemProxy section */

/* Begin PBXCopyFilesBuildPhase section */
		5F7BAE1D1CB4D846008212A2 /* Embed App Extensions */ = {
			isa = PBXCopyFilesBuildPhase;
			buildActionMask = 2147483647;
			dstPath = "";
			dstSubfolderSpec = 13;
			files = (
				5F7BAE191CB4D846008212A2 /* HodorBoard.appex in Embed App Extensions */,
			);
			name = "Embed App Extensions";
			runOnlyForDeploymentPostprocessing = 0;
		};
/* End PBXCopyFilesBuildPhase section */

/* Begin PBXFileReference section */
		5F7BADF91CB4D809008212A2 /* Lecture-189.app */ = {isa = PBXFileReference; explicitFileType = wrapper.application; includeInIndex = 0; path = "Lecture-189.app"; sourceTree = BUILT_PRODUCTS_DIR; };
		5F7BADFC1CB4D809008212A2 /* AppDelegate.swift */ = {isa = PBXFileReference; lastKnownFileType = sourcecode.swift; path = AppDelegate.swift; sourceTree = "<group>"; };
		5F7BADFE1CB4D809008212A2 /* ViewController.swift */ = {isa = PBXFileReference; lastKnownFileType = sourcecode.swift; path = ViewController.swift; sourceTree = "<group>"; };
		5F7BAE011CB4D809008212A2 /* Base */ = {isa = PBXFileReference; lastKnownFileType = file.storyboard; name = Base; path = Base.lproj/Main.storyboard; sourceTree = "<group>"; };
		5F7BAE031CB4D809008212A2 /* Assets.xcassets */ = {isa = PBXFileReference; lastKnownFileType = folder.assetcatalog; path = Assets.xcassets; sourceTree = "<group>"; };
		5F7BAE061CB4D809008212A2 /* Base */ = {isa = PBXFileReference; lastKnownFileType = file.storyboard; name = Base; path = Base.lproj/LaunchScreen.storyboard; sourceTree = "<group>"; };
		5F7BAE081CB4D809008212A2 /* Info.plist */ = {isa = PBXFileReference; lastKnownFileType = text.plist.xml; path = Info.plist; sourceTree = "<group>"; };
		5F7BAE121CB4D846008212A2 /* HodorBoard.appex */ = {isa = PBXFileReference; explicitFileType = "wrapper.app-extension"; includeInIndex = 0; path = HodorBoard.appex; sourceTree = BUILT_PRODUCTS_DIR; };
		5F7BAE141CB4D846008212A2 /* KeyboardViewController.swift */ = {isa = PBXFileReference; lastKnownFileType = sourcecode.swift; path = KeyboardViewController.swift; sourceTree = "<group>"; };
		5F7BAE161CB4D846008212A2 /* Info.plist */ = {isa = PBXFileReference; lastKnownFileType = text.plist.xml; path = Info.plist; sourceTree = "<group>"; };
		5F7BAE1E1CB4DA2E008212A2 /* hodor.png */ = {isa = PBXFileReference; lastKnownFileType = image.png; path = hodor.png; sourceTree = "<group>"; };
/* End PBXFileReference section */

/* Begin PBXFrameworksBuildPhase section */
		5F7BADF61CB4D809008212A2 /* Frameworks */ = {
			isa = PBXFrameworksBuildPhase;
			buildActionMask = 2147483647;
			files = (
			);
			runOnlyForDeploymentPostprocessing = 0;
		};
		5F7BAE0F1CB4D846008212A2 /* Frameworks */ = {
			isa = PBXFrameworksBuildPhase;
			buildActionMask = 2147483647;
			files = (
			);
			runOnlyForDeploymentPostprocessing = 0;
		};
/* End PBXFrameworksBuildPhase section */

/* Begin PBXGroup section */
		5F7BADF01CB4D809008212A2 = {
			isa = PBXGroup;
			children = (
				5F7BADFB1CB4D809008212A2 /* Lecture-189 */,
				5F7BAE131CB4D846008212A2 /* HodorBoard */,
				5F7BADFA1CB4D809008212A2 /* Products */,
			);
			sourceTree = "<group>";
		};
		5F7BADFA1CB4D809008212A2 /* Products */ = {
			isa = PBXGroup;
			children = (
				5F7BADF91CB4D809008212A2 /* Lecture-189.app */,
				5F7BAE121CB4D846008212A2 /* HodorBoard.appex */,
			);
			name = Products;
			sourceTree = "<group>";
		};
		5F7BADFB1CB4D809008212A2 /* Lecture-189 */ = {
			isa = PBXGroup;
			children = (
				5F7BADFC1CB4D809008212A2 /* AppDelegate.swift */,
				5F7BADFE1CB4D809008212A2 /* ViewController.swift */,
				5F7BAE001CB4D809008212A2 /* Main.storyboard */,
				5F7BAE031CB4D809008212A2 /* Assets.xcassets */,
				5F7BAE051CB4D809008212A2 /* LaunchScreen.storyboard */,
				5F7BAE081CB4D809008212A2 /* Info.plist */,
			);
			path = "Lecture-189";
			sourceTree = "<group>";
		};
		5F7BAE131CB4D846008212A2 /* HodorBoard */ = {
			isa = PBXGroup;
			children = (
				5F7BAE1E1CB4DA2E008212A2 /* hodor.png */,
				5F7BAE141CB4D846008212A2 /* KeyboardViewController.swift */,
				5F7BAE161CB4D846008212A2 /* Info.plist */,
			);
			path = HodorBoard;
			sourceTree = "<group>";
		};
/* End PBXGroup section */

/* Begin PBXNativeTarget section */
		5F7BADF81CB4D809008212A2 /* Lecture-189 */ = {
			isa = PBXNativeTarget;
			buildConfigurationList = 5F7BAE0B1CB4D809008212A2 /* Build configuration list for PBXNativeTarget "Lecture-189" */;
			buildPhases = (
				5F7BADF51CB4D809008212A2 /* Sources */,
				5F7BADF61CB4D809008212A2 /* Frameworks */,
				5F7BADF71CB4D809008212A2 /* Resources */,
				5F7BAE1D1CB4D846008212A2 /* Embed App Extensions */,
			);
			buildRules = (
			);
			dependencies = (
				5F7BAE181CB4D846008212A2 /* PBXTargetDependency */,
			);
			name = "Lecture-189";
			productName = "Lecture-189";
			productReference = 5F7BADF91CB4D809008212A2 /* Lecture-189.app */;
			productType = "com.apple.product-type.application";
		};
		5F7BAE111CB4D846008212A2 /* HodorBoard */ = {
			isa = PBXNativeTarget;
			buildConfigurationList = 5F7BAE1A1CB4D846008212A2 /* Build configuration list for PBXNativeTarget "HodorBoard" */;
			buildPhases = (
				5F7BAE0E1CB4D846008212A2 /* Sources */,
				5F7BAE0F1CB4D846008212A2 /* Frameworks */,
				5F7BAE101CB4D846008212A2 /* Resources */,
			);
			buildRules = (
			);
			dependencies = (
			);
			name = HodorBoard;
			productName = HodorBoard;
			productReference = 5F7BAE121CB4D846008212A2 /* HodorBoard.appex */;
			productType = "com.apple.product-type.app-extension";
		};
/* End PBXNativeTarget section */

/* Begin PBXProject section */
		5F7BADF11CB4D809008212A2 /* Project object */ = {
			isa = PBXProject;
			attributes = {
				LastSwiftUpdateCheck = 0730;
				LastUpgradeCheck = 0730;
				ORGANIZATIONNAME = "Pavlo Cretsu";
				TargetAttributes = {
					5F7BADF81CB4D809008212A2 = {
						CreatedOnToolsVersion = 7.3;
					};
					5F7BAE111CB4D846008212A2 = {
						CreatedOnToolsVersion = 7.3;
					};
				};
			};
			buildConfigurationList = 5F7BADF41CB4D809008212A2 /* Build configuration list for PBXProject "Lecture-189" */;
			compatibilityVersion = "Xcode 3.2";
			developmentRegion = English;
			hasScannedForEncodings = 0;
			knownRegions = (
				en,
				Base,
			);
			mainGroup = 5F7BADF01CB4D809008212A2;
			productRefGroup = 5F7BADFA1CB4D809008212A2 /* Products */;
			projectDirPath = "";
			projectRoot = "";
			targets = (
				5F7BADF81CB4D809008212A2 /* Lecture-189 */,
				5F7BAE111CB4D846008212A2 /* HodorBoard */,
			);
		};
/* End PBXProject section */

/* Begin PBXResourcesBuildPhase section */
		5F7BADF71CB4D809008212A2 /* Resources */ = {
			isa = PBXResourcesBuildPhase;
			buildActionMask = 2147483647;
			files = (
				5F7BAE071CB4D809008212A2 /* LaunchScreen.storyboard in Resources */,
				5F7BAE041CB4D809008212A2 /* Assets.xcassets in Resources */,
				5F7BAE021CB4D809008212A2 /* Main.storyboard in Resources */,
			);
			runOnlyForDeploymentPostprocessing = 0;
		};
		5F7BAE101CB4D846008212A2 /* Resources */ = {
			isa = PBXResourcesBuildPhase;
			buildActionMask = 2147483647;
			files = (
				5F7BAE1F1CB4DA2E008212A2 /* hodor.png in Resources */,
			);
			runOnlyForDeploymentPostprocessing = 0;
		};
/* End PBXResourcesBuildPhase section */

/* Begin PBXSourcesBuildPhase section */
		5F7BADF51CB4D809008212A2 /* Sources */ = {
			isa = PBXSourcesBuildPhase;
			buildActionMask = 2147483647;
			files = (
				5F7BADFF1CB4D809008212A2 /* ViewController.swift in Sources */,
				5F7BADFD1CB4D809008212A2 /* AppDelegate.swift in Sources */,
			);
			runOnlyForDeploymentPostprocessing = 0;
		};
		5F7BAE0E1CB4D846008212A2 /* Sources */ = {
			isa = PBXSourcesBuildPhase;
			buildActionMask = 2147483647;
			files = (
				5F7BAE151CB4D846008212A2 /* KeyboardViewController.swift in Sources */,
			);
			runOnlyForDeploymentPostprocessing = 0;
		};
/* End PBXSourcesBuildPhase section */

/* Begin PBXTargetDependency section */
		5F7BAE181CB4D846008212A2 /* PBXTargetDependency */ = {
			isa = PBXTargetDependency;
			target = 5F7BAE111CB4D846008212A2 /* HodorBoard */;
			targetProxy = 5F7BAE171CB4D846008212A2 /* PBXContainerItemProxy */;
		};
/* End PBXTargetDependency section */

/* Begin PBXVariantGroup section */
		5F7BAE001CB4D809008212A2 /* Main.storyboard */ = {
			isa = PBXVariantGroup;
			children = (
				5F7BAE011CB4D809008212A2 /* Base */,
			);
			name = Main.storyboard;
			sourceTree = "<group>";
		};
		5F7BAE051CB4D809008212A2 /* LaunchScreen.storyboard */ = {
			isa = PBXVariantGroup;
			children = (
				5F7BAE061CB4D809008212A2 /* Base */,
			);
			name = LaunchScreen.storyboard;
			sourceTree = "<group>";
		};
/* End PBXVariantGroup section */

/* Begin XCBuildConfiguration section */
		5F7BAE091CB4D809008212A2 /* Debug */ = {
			isa = XCBuildConfiguration;
			buildSettings = {
				ALWAYS_SEARCH_USER_PATHS = NO;
				CLANG_ANALYZER_NONNULL = YES;
				CLANG_CXX_LANGUAGE_STANDARD = "gnu++0x";
				CLANG_CXX_LIBRARY = "libc++";
				CLANG_ENABLE_MODULES = YES;
				CLANG_ENABLE_OBJC_ARC = YES;
				CLANG_WARN_BOOL_CONVERSION = YES;
				CLANG_WARN_CONSTANT_CONVERSION = YES;
				CLANG_WARN_DIRECT_OBJC_ISA_USAGE = YES_ERROR;
				CLANG_WARN_EMPTY_BODY = YES;
				CLANG_WARN_ENUM_CONVERSION = YES;
				CLANG_WARN_INT_CONVERSION = YES;
				CLANG_WARN_OBJC_ROOT_CLASS = YES_ERROR;
				CLANG_WARN_UNREACHABLE_CODE = YES;
				CLANG_WARN__DUPLICATE_METHOD_MATCH = YES;
				"CODE_SIGN_IDENTITY[sdk=iphoneos*]" = "iPhone Developer";
				COPY_PHASE_STRIP = NO;
				DEBUG_INFORMATION_FORMAT = dwarf;
				ENABLE_STRICT_OBJC_MSGSEND = YES;
				ENABLE_TESTABILITY = YES;
				GCC_C_LANGUAGE_STANDARD = gnu99;
				GCC_DYNAMIC_NO_PIC = NO;
				GCC_NO_COMMON_BLOCKS = YES;
				GCC_OPTIMIZATION_LEVEL = 0;
				GCC_PREPROCESSOR_DEFINITIONS = (
					"DEBUG=1",
					"$(inherited)",
				);
				GCC_WARN_64_TO_32_BIT_CONVERSION = YES;
				GCC_WARN_ABOUT_RETURN_TYPE = YES_ERROR;
				GCC_WARN_UNDECLARED_SELECTOR = YES;
				GCC_WARN_UNINITIALIZED_AUTOS = YES_AGGRESSIVE;
				GCC_WARN_UNUSED_FUNCTION = YES;
				GCC_WARN_UNUSED_VARIABLE = YES;
				IPHONEOS_DEPLOYMENT_TARGET = 9.3;
				MTL_ENABLE_DEBUG_INFO = YES;
				ONLY_ACTIVE_ARCH = YES;
				SDKROOT = iphoneos;
				SWIFT_OPTIMIZATION_LEVEL = "-Onone";
			};
			name = Debug;
		};
		5F7BAE0A1CB4D809008212A2 /* Release */ = {
			isa = XCBuildConfiguration;
			buildSettings = {
				ALWAYS_SEARCH_USER_PATHS = NO;
				CLANG_ANALYZER_NONNULL = YES;
				CLANG_CXX_LANGUAGE_STANDARD = "gnu++0x";
				CLANG_CXX_LIBRARY = "libc++";
				CLANG_ENABLE_MODULES = YES;
				CLANG_ENABLE_OBJC_ARC = YES;
				CLANG_WARN_BOOL_CONVERSION = YES;
				CLANG_WARN_CONSTANT_CONVERSION = YES;
				CLANG_WARN_DIRECT_OBJC_ISA_USAGE = YES_ERROR;
				CLANG_WARN_EMPTY_BODY = YES;
				CLANG_WARN_ENUM_CONVERSION = YES;
				CLANG_WARN_INT_CONVERSION = YES;
				CLANG_WARN_OBJC_ROOT_CLASS = YES_ERROR;
				CLANG_WARN_UNREACHABLE_CODE = YES;
				CLANG_WARN__DUPLICATE_METHOD_MATCH = YES;
				"CODE_SIGN_IDENTITY[sdk=iphoneos*]" = "iPhone Developer";
				COPY_PHASE_STRIP = NO;
				DEBUG_INFORMATION_FORMAT = "dwarf-with-dsym";
				ENABLE_NS_ASSERTIONS = NO;
				ENABLE_STRICT_OBJC_MSGSEND = YES;
				GCC_C_LANGUAGE_STANDARD = gnu99;
				GCC_NO_COMMON_BLOCKS = YES;
				GCC_WARN_64_TO_32_BIT_CONVERSION = YES;
				GCC_WARN_ABOUT_RETURN_TYPE = YES_ERROR;
				GCC_WARN_UNDECLARED_SELECTOR = YES;
				GCC_WARN_UNINITIALIZED_AUTOS = YES_AGGRESSIVE;
				GCC_WARN_UNUSED_FUNCTION = YES;
				GCC_WARN_UNUSED_VARIABLE = YES;
				IPHONEOS_DEPLOYMENT_TARGET = 9.3;
				MTL_ENABLE_DEBUG_INFO = NO;
				SDKROOT = iphoneos;
				VALIDATE_PRODUCT = YES;
			};
			name = Release;
		};
		5F7BAE0C1CB4D809008212A2 /* Debug */ = {
			isa = XCBuildConfiguration;
			buildSettings = {
				ASSETCATALOG_COMPILER_APPICON_NAME = AppIcon;
				EMBEDDED_CONTENT_CONTAINS_SWIFT = YES;
				INFOPLIST_FILE = "Lecture-189/Info.plist";
				LD_RUNPATH_SEARCH_PATHS = "$(inherited) @executable_path/Frameworks";
				PRODUCT_BUNDLE_IDENTIFIER = "com.pasha.cretsu.Lecture-189";
				PRODUCT_NAME = "$(TARGET_NAME)";
			};
			name = Debug;
		};
		5F7BAE0D1CB4D809008212A2 /* Release */ = {
			isa = XCBuildConfiguration;
			buildSettings = {
				ASSETCATALOG_COMPILER_APPICON_NAME = AppIcon;
				EMBEDDED_CONTENT_CONTAINS_SWIFT = YES;
				INFOPLIST_FILE = "Lecture-189/Info.plist";
				LD_RUNPATH_SEARCH_PATHS = "$(inherited) @executable_path/Frameworks";
				PRODUCT_BUNDLE_IDENTIFIER = "com.pasha.cretsu.Lecture-189";
				PRODUCT_NAME = "$(TARGET_NAME)";
			};
			name = Release;
		};
		5F7BAE1B1CB4D846008212A2 /* Debug */ = {
			isa = XCBuildConfiguration;
			buildSettings = {
				INFOPLIST_FILE = HodorBoard/Info.plist;
				LD_RUNPATH_SEARCH_PATHS = "$(inherited) @executable_path/Frameworks @executable_path/../../Frameworks";
				PRODUCT_BUNDLE_IDENTIFIER = "com.pasha.cretsu.Lecture-189.HodorBoard";
				PRODUCT_NAME = "$(TARGET_NAME)";
				SKIP_INSTALL = YES;
			};
			name = Debug;
		};
		5F7BAE1C1CB4D846008212A2 /* Release */ = {
			isa = XCBuildConfiguration;
			buildSettings = {
				INFOPLIST_FILE = HodorBoard/Info.plist;
				LD_RUNPATH_SEARCH_PATHS = "$(inherited) @executable_path/Frameworks @executable_path/../../Frameworks";
				PRODUCT_BUNDLE_IDENTIFIER = "com.pasha.cretsu.Lecture-189.HodorBoard";
				PRODUCT_NAME = "$(TARGET_NAME)";
				SKIP_INSTALL = YES;
			};
			name = Release;
		};
/* End XCBuildConfiguration section */

/* Begin XCConfigurationList section */
		5F7BADF41CB4D809008212A2 /* Build configuration list for PBXProject "Lecture-189" */ = {
			isa = XCConfigurationList;
			buildConfigurations = (
				5F7BAE091CB4D809008212A2 /* Debug */,
				5F7BAE0A1CB4D809008212A2 /* Release */,
			);
			defaultConfigurationIsVisible = 0;
			defaultConfigurationName = Release;
		};
		5F7BAE0B1CB4D809008212A2 /* Build configuration list for PBXNativeTarget "Lecture-189" */ = {
			isa = XCConfigurationList;
			buildConfigurations = (
				5F7BAE0C1CB4D809008212A2 /* Debug */,
				5F7BAE0D1CB4D809008212A2 /* Release */,
			);
			defaultConfigurationIsVisible = 0;
		};
		5F7BAE1A1CB4D846008212A2 /* Build configuration list for PBXNativeTarget "HodorBoard" */ = {
			isa = XCConfigurationList;
			buildConfigurations = (
				5F7BAE1B1CB4D846008212A2 /* Debug */,
				5F7BAE1C1CB4D846008212A2 /* Release */,
			);
			defaultConfigurationIsVisible = 0;
		};
/* End XCConfigurationList section */
	};
	rootObject = 5F7BADF11CB4D809008212A2 /* Project object */;
}
