// !$*UTF8*$!
{
	archiveVersion = 1;
	classes = {
	};
	objectVersion = 46;
	objects = {

/* Begin PBXBuildFile section */
		5F16BE9F1CA913710034E9A9 /* AppDelegate.swift in Sources */ = {isa = PBXBuildFile; fileRef = 5F16BE9E1CA913710034E9A9 /* AppDelegate.swift */; };
		5F16BEA11CA913710034E9A9 /* ViewController.swift in Sources */ = {isa = PBXBuildFile; fileRef = 5F16BEA01CA913710034E9A9 /* ViewController.swift */; };
		5F16BEA41CA913710034E9A9 /* Main.storyboard in Resources */ = {isa = PBXBuildFile; fileRef = 5F16BEA21CA913710034E9A9 /* Main.storyboard */; };
		5F16BEA61CA913710034E9A9 /* Assets.xcassets in Resources */ = {isa = PBXBuildFile; fileRef = 5F16BEA51CA913710034E9A9 /* Assets.xcassets */; };
		5F16BEA91CA913710034E9A9 /* LaunchScreen.storyboard in Resources */ = {isa = PBXBuildFile; fileRef = 5F16BEA71CA913710034E9A9 /* LaunchScreen.storyboard */; };
		5F16BEB51CA913A00034E9A9 /* bear.mp3 in Resources */ = {isa = PBXBuildFile; fileRef = 5F16BEB11CA9139F0034E9A9 /* bear.mp3 */; };
		5F16BEB61CA913A00034E9A9 /* birds.mp3 in Resources */ = {isa = PBXBuildFile; fileRef = 5F16BEB21CA9139F0034E9A9 /* birds.mp3 */; };
		5F16BEB71CA913A00034E9A9 /* cat.mp3 in Resources */ = {isa = PBXBuildFile; fileRef = 5F16BEB31CA9139F0034E9A9 /* cat.mp3 */; };
		5F16BEB81CA913A00034E9A9 /* horses.mp3 in Resources */ = {isa = PBXBuildFile; fileRef = 5F16BEB41CA9139F0034E9A9 /* horses.mp3 */; };
/* End PBXBuildFile section */

/* Begin PBXFileReference section */
		5F16BE9B1CA913710034E9A9 /* Lecture-90.app */ = {isa = PBXFileReference; explicitFileType = wrapper.application; includeInIndex = 0; path = "Lecture-90.app"; sourceTree = BUILT_PRODUCTS_DIR; };
		5F16BE9E1CA913710034E9A9 /* AppDelegate.swift */ = {isa = PBXFileReference; lastKnownFileType = sourcecode.swift; path = AppDelegate.swift; sourceTree = "<group>"; };
		5F16BEA01CA913710034E9A9 /* ViewController.swift */ = {isa = PBXFileReference; lastKnownFileType = sourcecode.swift; path = ViewController.swift; sourceTree = "<group>"; };
		5F16BEA31CA913710034E9A9 /* Base */ = {isa = PBXFileReference; lastKnownFileType = file.storyboard; name = Base; path = Base.lproj/Main.storyboard; sourceTree = "<group>"; };
		5F16BEA51CA913710034E9A9 /* Assets.xcassets */ = {isa = PBXFileReference; lastKnownFileType = folder.assetcatalog; path = Assets.xcassets; sourceTree = "<group>"; };
		5F16BEA81CA913710034E9A9 /* Base */ = {isa = PBXFileReference; lastKnownFileType = file.storyboard; name = Base; path = Base.lproj/LaunchScreen.storyboard; sourceTree = "<group>"; };
		5F16BEAA1CA913710034E9A9 /* Info.plist */ = {isa = PBXFileReference; lastKnownFileType = text.plist.xml; path = Info.plist; sourceTree = "<group>"; };
		5F16BEB11CA9139F0034E9A9 /* bear.mp3 */ = {isa = PBXFileReference; lastKnownFileType = audio.mp3; name = bear.mp3; path = sounds/bear.mp3; sourceTree = "<group>"; };
		5F16BEB21CA9139F0034E9A9 /* birds.mp3 */ = {isa = PBXFileReference; lastKnownFileType = audio.mp3; name = birds.mp3; path = sounds/birds.mp3; sourceTree = "<group>"; };
		5F16BEB31CA9139F0034E9A9 /* cat.mp3 */ = {isa = PBXFileReference; lastKnownFileType = audio.mp3; name = cat.mp3; path = sounds/cat.mp3; sourceTree = "<group>"; };
		5F16BEB41CA9139F0034E9A9 /* horses.mp3 */ = {isa = PBXFileReference; lastKnownFileType = audio.mp3; name = horses.mp3; path = sounds/horses.mp3; sourceTree = "<group>"; };
/* End PBXFileReference section */

/* Begin PBXFrameworksBuildPhase section */
		5F16BE981CA913710034E9A9 /* Frameworks */ = {
			isa = PBXFrameworksBuildPhase;
			buildActionMask = 2147483647;
			files = (
			);
			runOnlyForDeploymentPostprocessing = 0;
		};
/* End PBXFrameworksBuildPhase section */

/* Begin PBXGroup section */
		5F16BE921CA913710034E9A9 = {
			isa = PBXGroup;
			children = (
				5F16BE9D1CA913710034E9A9 /* Lecture-90 */,
				5F16BE9C1CA913710034E9A9 /* Products */,
			);
			sourceTree = "<group>";
		};
		5F16BE9C1CA913710034E9A9 /* Products */ = {
			isa = PBXGroup;
			children = (
				5F16BE9B1CA913710034E9A9 /* Lecture-90.app */,
			);
			name = Products;
			sourceTree = "<group>";
		};
		5F16BE9D1CA913710034E9A9 /* Lecture-90 */ = {
			isa = PBXGroup;
			children = (
				5F16BEB01CA913890034E9A9 /* sounds */,
				5F16BE9E1CA913710034E9A9 /* AppDelegate.swift */,
				5F16BEA01CA913710034E9A9 /* ViewController.swift */,
				5F16BEA21CA913710034E9A9 /* Main.storyboard */,
				5F16BEA51CA913710034E9A9 /* Assets.xcassets */,
				5F16BEA71CA913710034E9A9 /* LaunchScreen.storyboard */,
				5F16BEAA1CA913710034E9A9 /* Info.plist */,
			);
			path = "Lecture-90";
			sourceTree = "<group>";
		};
		5F16BEB01CA913890034E9A9 /* sounds */ = {
			isa = PBXGroup;
			children = (
				5F16BEB11CA9139F0034E9A9 /* bear.mp3 */,
				5F16BEB21CA9139F0034E9A9 /* birds.mp3 */,
				5F16BEB31CA9139F0034E9A9 /* cat.mp3 */,
				5F16BEB41CA9139F0034E9A9 /* horses.mp3 */,
			);
			name = sounds;
			sourceTree = "<group>";
		};
/* End PBXGroup section */

/* Begin PBXNativeTarget section */
		5F16BE9A1CA913710034E9A9 /* Lecture-90 */ = {
			isa = PBXNativeTarget;
			buildConfigurationList = 5F16BEAD1CA913710034E9A9 /* Build configuration list for PBXNativeTarget "Lecture-90" */;
			buildPhases = (
				5F16BE971CA913710034E9A9 /* Sources */,
				5F16BE981CA913710034E9A9 /* Frameworks */,
				5F16BE991CA913710034E9A9 /* Resources */,
			);
			buildRules = (
			);
			dependencies = (
			);
			name = "Lecture-90";
			productName = "Lecture-90";
			productReference = 5F16BE9B1CA913710034E9A9 /* Lecture-90.app */;
			productType = "com.apple.product-type.application";
		};
/* End PBXNativeTarget section */

/* Begin PBXProject section */
		5F16BE931CA913710034E9A9 /* Project object */ = {
			isa = PBXProject;
			attributes = {
				LastSwiftUpdateCheck = 0720;
				LastUpgradeCheck = 0720;
				ORGANIZATIONNAME = "Pasha Cretsu";
				TargetAttributes = {
					5F16BE9A1CA913710034E9A9 = {
						CreatedOnToolsVersion = 7.2.1;
					};
				};
			};
			buildConfigurationList = 5F16BE961CA913710034E9A9 /* Build configuration list for PBXProject "Lecture-90" */;
			compatibilityVersion = "Xcode 3.2";
			developmentRegion = English;
			hasScannedForEncodings = 0;
			knownRegions = (
				en,
				Base,
			);
			mainGroup = 5F16BE921CA913710034E9A9;
			productRefGroup = 5F16BE9C1CA913710034E9A9 /* Products */;
			projectDirPath = "";
			projectRoot = "";
			targets = (
				5F16BE9A1CA913710034E9A9 /* Lecture-90 */,
			);
		};
/* End PBXProject section */

/* Begin PBXResourcesBuildPhase section */
		5F16BE991CA913710034E9A9 /* Resources */ = {
			isa = PBXResourcesBuildPhase;
			buildActionMask = 2147483647;
			files = (
				5F16BEB81CA913A00034E9A9 /* horses.mp3 in Resources */,
				5F16BEB51CA913A00034E9A9 /* bear.mp3 in Resources */,
				5F16BEA91CA913710034E9A9 /* LaunchScreen.storyboard in Resources */,
				5F16BEA61CA913710034E9A9 /* Assets.xcassets in Resources */,
				5F16BEB71CA913A00034E9A9 /* cat.mp3 in Resources */,
				5F16BEB61CA913A00034E9A9 /* birds.mp3 in Resources */,
				5F16BEA41CA913710034E9A9 /* Main.storyboard in Resources */,
			);
			runOnlyForDeploymentPostprocessing = 0;
		};
/* End PBXResourcesBuildPhase section */

/* Begin PBXSourcesBuildPhase section */
		5F16BE971CA913710034E9A9 /* Sources */ = {
			isa = PBXSourcesBuildPhase;
			buildActionMask = 2147483647;
			files = (
				5F16BEA11CA913710034E9A9 /* ViewController.swift in Sources */,
				5F16BE9F1CA913710034E9A9 /* AppDelegate.swift in Sources */,
			);
			runOnlyForDeploymentPostprocessing = 0;
		};
/* End PBXSourcesBuildPhase section */

/* Begin PBXVariantGroup section */
		5F16BEA21CA913710034E9A9 /* Main.storyboard */ = {
			isa = PBXVariantGroup;
			children = (
				5F16BEA31CA913710034E9A9 /* Base */,
			);
			name = Main.storyboard;
			sourceTree = "<group>";
		};
		5F16BEA71CA913710034E9A9 /* LaunchScreen.storyboard */ = {
			isa = PBXVariantGroup;
			children = (
				5F16BEA81CA913710034E9A9 /* Base */,
			);
			name = LaunchScreen.storyboard;
			sourceTree = "<group>";
		};
/* End PBXVariantGroup section */

/* Begin XCBuildConfiguration section */
		5F16BEAB1CA913710034E9A9 /* Debug */ = {
			isa = XCBuildConfiguration;
			buildSettings = {
				ALWAYS_SEARCH_USER_PATHS = NO;
				CLANG_CXX_LANGUAGE_STANDARD = "gnu++0x";
				CLANG_CXX_LIBRARY = "libc++";
				CLANG_ENABLE_MODULES = YES;
				CLANG_ENABLE_OBJC_ARC = YES;
				CLANG_WARN_BOOL_CONVERSION = YES;
				CLANG_WARN_CONSTANT_CONVERSION = YES;
				CLANG_WARN_DIRECT_OBJC_ISA_USAGE = YES_ERROR;
				CLANG_WARN_EMPTY_BODY = YES;
				CLANG_WARN_ENUM_CONVERSION = YES;
				CLANG_WARN_INT_CONVERSION = YES;
				CLANG_WARN_OBJC_ROOT_CLASS = YES_ERROR;
				CLANG_WARN_UNREACHABLE_CODE = YES;
				CLANG_WARN__DUPLICATE_METHOD_MATCH = YES;
				"CODE_SIGN_IDENTITY[sdk=iphoneos*]" = "iPhone Developer";
				COPY_PHASE_STRIP = NO;
				DEBUG_INFORMATION_FORMAT = dwarf;
				ENABLE_STRICT_OBJC_MSGSEND = YES;
				ENABLE_TESTABILITY = YES;
				GCC_C_LANGUAGE_STANDARD = gnu99;
				GCC_DYNAMIC_NO_PIC = NO;
				GCC_NO_COMMON_BLOCKS = YES;
				GCC_OPTIMIZATION_LEVEL = 0;
				GCC_PREPROCESSOR_DEFINITIONS = (
					"DEBUG=1",
					"$(inherited)",
				);
				GCC_WARN_64_TO_32_BIT_CONVERSION = YES;
				GCC_WARN_ABOUT_RETURN_TYPE = YES_ERROR;
				GCC_WARN_UNDECLARED_SELECTOR = YES;
				GCC_WARN_UNINITIALIZED_AUTOS = YES_AGGRESSIVE;
				GCC_WARN_UNUSED_FUNCTION = YES;
				GCC_WARN_UNUSED_VARIABLE = YES;
				IPHONEOS_DEPLOYMENT_TARGET = 9.2;
				MTL_ENABLE_DEBUG_INFO = YES;
				ONLY_ACTIVE_ARCH = YES;
				SDKROOT = iphoneos;
				SWIFT_OPTIMIZATION_LEVEL = "-Onone";
			};
			name = Debug;
		};
		5F16BEAC1CA913710034E9A9 /* Release */ = {
			isa = XCBuildConfiguration;
			buildSettings = {
				ALWAYS_SEARCH_USER_PATHS = NO;
				CLANG_CXX_LANGUAGE_STANDARD = "gnu++0x";
				CLANG_CXX_LIBRARY = "libc++";
				CLANG_ENABLE_MODULES = YES;
				CLANG_ENABLE_OBJC_ARC = YES;
				CLANG_WARN_BOOL_CONVERSION = YES;
				CLANG_WARN_CONSTANT_CONVERSION = YES;
				CLANG_WARN_DIRECT_OBJC_ISA_USAGE = YES_ERROR;
				CLANG_WARN_EMPTY_BODY = YES;
				CLANG_WARN_ENUM_CONVERSION = YES;
				CLANG_WARN_INT_CONVERSION = YES;
				CLANG_WARN_OBJC_ROOT_CLASS = YES_ERROR;
				CLANG_WARN_UNREACHABLE_CODE = YES;
				CLANG_WARN__DUPLICATE_METHOD_MATCH = YES;
				"CODE_SIGN_IDENTITY[sdk=iphoneos*]" = "iPhone Developer";
				COPY_PHASE_STRIP = NO;
				DEBUG_INFORMATION_FORMAT = "dwarf-with-dsym";
				ENABLE_NS_ASSERTIONS = NO;
				ENABLE_STRICT_OBJC_MSGSEND = YES;
				GCC_C_LANGUAGE_STANDARD = gnu99;
				GCC_NO_COMMON_BLOCKS = YES;
				GCC_WARN_64_TO_32_BIT_CONVERSION = YES;
				GCC_WARN_ABOUT_RETURN_TYPE = YES_ERROR;
				GCC_WARN_UNDECLARED_SELECTOR = YES;
				GCC_WARN_UNINITIALIZED_AUTOS = YES_AGGRESSIVE;
				GCC_WARN_UNUSED_FUNCTION = YES;
				GCC_WARN_UNUSED_VARIABLE = YES;
				IPHONEOS_DEPLOYMENT_TARGET = 9.2;
				MTL_ENABLE_DEBUG_INFO = NO;
				SDKROOT = iphoneos;
				VALIDATE_PRODUCT = YES;
			};
			name = Release;
		};
		5F16BEAE1CA913710034E9A9 /* Debug */ = {
			isa = XCBuildConfiguration;
			buildSettings = {
				ASSETCATALOG_COMPILER_APPICON_NAME = AppIcon;
				INFOPLIST_FILE = "Lecture-90/Info.plist";
				LD_RUNPATH_SEARCH_PATHS = "$(inherited) @executable_path/Frameworks";
				PRODUCT_BUNDLE_IDENTIFIER = "PashaCretsuInc.Lecture-90";
				PRODUCT_NAME = "$(TARGET_NAME)";
			};
			name = Debug;
		};
		5F16BEAF1CA913710034E9A9 /* Release */ = {
			isa = XCBuildConfiguration;
			buildSettings = {
				ASSETCATALOG_COMPILER_APPICON_NAME = AppIcon;
				INFOPLIST_FILE = "Lecture-90/Info.plist";
				LD_RUNPATH_SEARCH_PATHS = "$(inherited) @executable_path/Frameworks";
				PRODUCT_BUNDLE_IDENTIFIER = "PashaCretsuInc.Lecture-90";
				PRODUCT_NAME = "$(TARGET_NAME)";
			};
			name = Release;
		};
/* End XCBuildConfiguration section */

/* Begin XCConfigurationList section */
		5F16BE961CA913710034E9A9 /* Build configuration list for PBXProject "Lecture-90" */ = {
			isa = XCConfigurationList;
			buildConfigurations = (
				5F16BEAB1CA913710034E9A9 /* Debug */,
				5F16BEAC1CA913710034E9A9 /* Release */,
			);
			defaultConfigurationIsVisible = 0;
			defaultConfigurationName = Release;
		};
		5F16BEAD1CA913710034E9A9 /* Build configuration list for PBXNativeTarget "Lecture-90" */ = {
			isa = XCConfigurationList;
			buildConfigurations = (
				5F16BEAE1CA913710034E9A9 /* Debug */,
				5F16BEAF1CA913710034E9A9 /* Release */,
			);
			defaultConfigurationIsVisible = 0;
		};
/* End XCConfigurationList section */
	};
	rootObject = 5F16BE931CA913710034E9A9 /* Project object */;
}
